
Microsoft Visual Studio Solution File, Format Version 12.00
# Visual Studio Version 17
VisualStudioVersion = 17.14.36109.1 d17.14
MinimumVisualStudioVersion = 10.0.40219.1
Project("{FAE04EC0-301F-11D3-BF4B-00C04F79EFBC}") = "Calcular_v2", "Calcular_v2\Calcular_v2.csproj", "{C7A4341A-582F-4A05-A60F-95A8AF5AA47A}"
EndProject
Global
	GlobalSection(SolutionConfigurationPlatforms) = preSolution
		Debug|Any CPU = Debug|Any CPU
		Release|Any CPU = Release|Any CPU
	EndGlobalSection
	GlobalSection(ProjectConfigurationPlatforms) = postSolution
		{C7A4341A-582F-4A05-A60F-95A8AF5AA47A}.Debug|Any CPU.ActiveCfg = Debug|Any CPU
		{C7A4341A-582F-4A05-A60F-95A8AF5AA47A}.Debug|Any CPU.Build.0 = Debug|Any CPU
		{C7A4341A-582F-4A05-A60F-95A8AF5AA47A}.Release|Any CPU.ActiveCfg = Release|Any CPU
		{C7A4341A-582F-4A05-A60F-95A8AF5AA47A}.Release|Any CPU.Build.0 = Release|Any CPU
	EndGlobalSection
	GlobalSection(SolutionProperties) = preSolution
		HideSolutionNode = FALSE
	EndGlobalSection
	GlobalSection(ExtensibilityGlobals) = postSolution
		SolutionGuid = {82D30854-14B2-434C-9C27-BB4A4D2B24A6}
	EndGlobalSection
EndGlobal
