
Microsoft Visual Studio Solution File, Format Version 12.00
# Visual Studio Version 17
VisualStudioVersion = 17.14.36109.1 d17.14
MinimumVisualStudioVersion = 10.0.40219.1
Project("{FAE04EC0-301F-11D3-BF4B-00C04F79EFBC}") = "Imagens", "Imagens\Imagens.csproj", "{8568D274-1C19-4EB1-875B-B5D6016AC5EB}"
EndProject
Global
	GlobalSection(SolutionConfigurationPlatforms) = preSolution
		Debug|Any CPU = Debug|Any CPU
		Release|Any CPU = Release|Any CPU
	EndGlobalSection
	GlobalSection(ProjectConfigurationPlatforms) = postSolution
		{8568D274-1C19-4EB1-875B-B5D6016AC5EB}.Debug|Any CPU.ActiveCfg = Debug|Any CPU
		{8568D274-1C19-4EB1-875B-B5D6016AC5EB}.Debug|Any CPU.Build.0 = Debug|Any CPU
		{8568D274-1C19-4EB1-875B-B5D6016AC5EB}.Release|Any CPU.ActiveCfg = Release|Any CPU
		{8568D274-1C19-4EB1-875B-B5D6016AC5EB}.Release|Any CPU.Build.0 = Release|Any CPU
	EndGlobalSection
	GlobalSection(SolutionProperties) = preSolution
		HideSolutionNode = FALSE
	EndGlobalSection
	GlobalSection(ExtensibilityGlobals) = postSolution
		SolutionGuid = {EDEFD2BA-6ED5-41E5-B5F3-0CCED25920F2}
	EndGlobalSection
EndGlobal
