
Microsoft Visual Studio Solution File, Format Version 12.00
# Visual Studio Version 17
VisualStudioVersion = 17.14.36109.1 d17.14
MinimumVisualStudioVersion = 10.0.40219.1
Project("{FAE04EC0-301F-11D3-BF4B-00C04F79EFBC}") = "Calcular_v1", "Calcular_v1\Calcular_v1.csproj", "{AB31FA03-200D-4EEB-BFA1-7086DC0F74DA}"
EndProject
Global
	GlobalSection(SolutionConfigurationPlatforms) = preSolution
		Debug|Any CPU = Debug|Any CPU
		Release|Any CPU = Release|Any CPU
	EndGlobalSection
	GlobalSection(ProjectConfigurationPlatforms) = postSolution
		{AB31FA03-200D-4EEB-BFA1-7086DC0F74DA}.Debug|Any CPU.ActiveCfg = Debug|Any CPU
		{AB31FA03-200D-4EEB-BFA1-7086DC0F74DA}.Debug|Any CPU.Build.0 = Debug|Any CPU
		{AB31FA03-200D-4EEB-BFA1-7086DC0F74DA}.Release|Any CPU.ActiveCfg = Release|Any CPU
		{AB31FA03-200D-4EEB-BFA1-7086DC0F74DA}.Release|Any CPU.Build.0 = Release|Any CPU
	EndGlobalSection
	GlobalSection(SolutionProperties) = preSolution
		HideSolutionNode = FALSE
	EndGlobalSection
	GlobalSection(ExtensibilityGlobals) = postSolution
		SolutionGuid = {6A322704-5758-4B56-BDD0-64744A521925}
	EndGlobalSection
EndGlobal
