
Microsoft Visual Studio Solution File, Format Version 12.00
# Visual Studio Version 17
VisualStudioVersion = 17.14.36109.1 d17.14
MinimumVisualStudioVersion = 10.0.40219.1
Project("{FAE04EC0-301F-11D3-BF4B-00C04F79EFBC}") = "Tabuada", "Tabuada\Tabuada.csproj", "{468DB655-6953-4AC6-AC33-5C2024CFB319}"
EndProject
Global
	GlobalSection(SolutionConfigurationPlatforms) = preSolution
		Debug|Any CPU = Debug|Any CPU
		Release|Any CPU = Release|Any CPU
	EndGlobalSection
	GlobalSection(ProjectConfigurationPlatforms) = postSolution
		{468DB655-6953-4AC6-AC33-5C2024CFB319}.Debug|Any CPU.ActiveCfg = Debug|Any CPU
		{468DB655-6953-4AC6-AC33-5C2024CFB319}.Debug|Any CPU.Build.0 = Debug|Any CPU
		{468DB655-6953-4AC6-AC33-5C2024CFB319}.Release|Any CPU.ActiveCfg = Release|Any CPU
		{468DB655-6953-4AC6-AC33-5C2024CFB319}.Release|Any CPU.Build.0 = Release|Any CPU
	EndGlobalSection
	GlobalSection(SolutionProperties) = preSolution
		HideSolutionNode = FALSE
	EndGlobalSection
	GlobalSection(ExtensibilityGlobals) = postSolution
		SolutionGuid = {6C128E15-2A05-4984-A2CB-FB8BB2638FDE}
	EndGlobalSection
EndGlobal
